
Microsoft Visual Studio Solution File, Format Version 12.00
# Visual Studio Version 16
VisualStudioVersion = 16.0.34601.136
MinimumVisualStudioVersion = 10.0.40219.1
Project("{FAE04EC0-301F-11D3-BF4B-00C04F79EFBC}") = "Machine Code File Extention", "Machine Code File Extention\Machine Code File Extention.csproj", "{43CC47EA-4E0D-483D-895A-DC70D94E3608}"
EndProject
Global
	GlobalSection(SolutionConfigurationPlatforms) = preSolution
		Debug|Any CPU = Debug|Any CPU
		Release|Any CPU = Release|Any CPU
	EndGlobalSection
	GlobalSection(ProjectConfigurationPlatforms) = postSolution
		{43CC47EA-4E0D-483D-895A-DC70D94E3608}.Debug|Any CPU.ActiveCfg = Debug|Any CPU
		{43CC47EA-4E0D-483D-895A-DC70D94E3608}.Debug|Any CPU.Build.0 = Debug|Any CPU
		{43CC47EA-4E0D-483D-895A-DC70D94E3608}.Release|Any CPU.ActiveCfg = Release|Any CPU
		{43CC47EA-4E0D-483D-895A-DC70D94E3608}.Release|Any CPU.Build.0 = Release|Any CPU
	EndGlobalSection
	GlobalSection(SolutionProperties) = preSolution
		HideSolutionNode = FALSE
	EndGlobalSection
	GlobalSection(ExtensibilityGlobals) = postSolution
		SolutionGuid = {0EEDB45C-8DC7-473A-B06C-7808896C61D2}
	EndGlobalSection
EndGlobal
